
Microsoft Visual Studio Solution File, Format Version 12.00
Project("{FAE04EC0-301F-11D3-BF4B-00C04F79EFBC}") = "whottadota", "whottadota.csproj", "{DD74D28E-823E-409D-994C-3E011214A0E4}"
EndProject
Global
	GlobalSection(SolutionConfigurationPlatforms) = preSolution
		Debug|Any CPU = Debug|Any CPU
		Release|Any CPU = Release|Any CPU
	EndGlobalSection
	GlobalSection(ProjectConfigurationPlatforms) = postSolution
		{DD74D28E-823E-409D-994C-3E011214A0E4}.Debug|Any CPU.ActiveCfg = Debug|Any CPU
		{DD74D28E-823E-409D-994C-3E011214A0E4}.Debug|Any CPU.Build.0 = Debug|Any CPU
		{DD74D28E-823E-409D-994C-3E011214A0E4}.Release|Any CPU.ActiveCfg = Release|Any CPU
		{DD74D28E-823E-409D-994C-3E011214A0E4}.Release|Any CPU.Build.0 = Release|Any CPU
	EndGlobalSection
EndGlobal
